
Microsoft Visual Studio Solution File, Format Version 12.00
# Visual Studio 15
VisualStudioVersion = 15.0.27130.2027
MinimumVisualStudioVersion = 10.0.40219.1
Project("{9A19103F-16F7-4668-BE54-9A1E7A4F7556}") = "Taviloglu.Wrike.ApiClient", "Taviloglu.Wrike.ApiClient\Taviloglu.Wrike.ApiClient.csproj", "{D2C097E1-EEA7-4B0C-AD1E-9243349AD620}"
EndProject
Project("{9A19103F-16F7-4668-BE54-9A1E7A4F7556}") = "Taviloglu.Wrike.Core", "Taviloglu.Wrike.Core\Taviloglu.Wrike.Core.csproj", "{68B231B1-F196-42BF-91E8-8EF5749EE7CB}"
EndProject
Project("{FAE04EC0-301F-11D3-BF4B-00C04F79EFBC}") = "Taviloglu.Wrike.ApiClient.Samples", "Taviloglu.Wrike.ApiClient.Samples\Taviloglu.Wrike.ApiClient.Samples.csproj", "{D0067E81-8EFC-4E26-8FC9-79132F397A39}"
EndProject
Project("{FAE04EC0-301F-11D3-BF4B-00C04F79EFBC}") = "Taviloglu.Wrike.WebHooks", "Taviloglu.Wrike.WebHooks\Taviloglu.Wrike.WebHooks.csproj", "{593781DC-070F-420D-88C3-A234AB9BD91D}"
EndProject
Project("{FAE04EC0-301F-11D3-BF4B-00C04F79EFBC}") = "Taviloglu.Wrike.WebHooks.Sample", "Taviloglu.Wrike.WebHooks.Sample\Taviloglu.Wrike.WebHooks.Sample.csproj", "{D5EADEE1-7D6B-4788-B5EA-A4FB472DB402}"
EndProject
Global
	GlobalSection(SolutionConfigurationPlatforms) = preSolution
		Debug|Any CPU = Debug|Any CPU
		Release|Any CPU = Release|Any CPU
	EndGlobalSection
	GlobalSection(ProjectConfigurationPlatforms) = postSolution
		{D2C097E1-EEA7-4B0C-AD1E-9243349AD620}.Debug|Any CPU.ActiveCfg = Debug|Any CPU
		{D2C097E1-EEA7-4B0C-AD1E-9243349AD620}.Debug|Any CPU.Build.0 = Debug|Any CPU
		{D2C097E1-EEA7-4B0C-AD1E-9243349AD620}.Release|Any CPU.ActiveCfg = Release|Any CPU
		{D2C097E1-EEA7-4B0C-AD1E-9243349AD620}.Release|Any CPU.Build.0 = Release|Any CPU
		{68B231B1-F196-42BF-91E8-8EF5749EE7CB}.Debug|Any CPU.ActiveCfg = Debug|Any CPU
		{68B231B1-F196-42BF-91E8-8EF5749EE7CB}.Debug|Any CPU.Build.0 = Debug|Any CPU
		{68B231B1-F196-42BF-91E8-8EF5749EE7CB}.Release|Any CPU.ActiveCfg = Release|Any CPU
		{68B231B1-F196-42BF-91E8-8EF5749EE7CB}.Release|Any CPU.Build.0 = Release|Any CPU
		{D0067E81-8EFC-4E26-8FC9-79132F397A39}.Debug|Any CPU.ActiveCfg = Debug|Any CPU
		{D0067E81-8EFC-4E26-8FC9-79132F397A39}.Debug|Any CPU.Build.0 = Debug|Any CPU
		{D0067E81-8EFC-4E26-8FC9-79132F397A39}.Release|Any CPU.ActiveCfg = Release|Any CPU
		{D0067E81-8EFC-4E26-8FC9-79132F397A39}.Release|Any CPU.Build.0 = Release|Any CPU
		{593781DC-070F-420D-88C3-A234AB9BD91D}.Debug|Any CPU.ActiveCfg = Debug|Any CPU
		{593781DC-070F-420D-88C3-A234AB9BD91D}.Debug|Any CPU.Build.0 = Debug|Any CPU
		{593781DC-070F-420D-88C3-A234AB9BD91D}.Release|Any CPU.ActiveCfg = Release|Any CPU
		{593781DC-070F-420D-88C3-A234AB9BD91D}.Release|Any CPU.Build.0 = Release|Any CPU
		{D5EADEE1-7D6B-4788-B5EA-A4FB472DB402}.Debug|Any CPU.ActiveCfg = Debug|Any CPU
		{D5EADEE1-7D6B-4788-B5EA-A4FB472DB402}.Debug|Any CPU.Build.0 = Debug|Any CPU
		{D5EADEE1-7D6B-4788-B5EA-A4FB472DB402}.Release|Any CPU.ActiveCfg = Release|Any CPU
		{D5EADEE1-7D6B-4788-B5EA-A4FB472DB402}.Release|Any CPU.Build.0 = Release|Any CPU
	EndGlobalSection
	GlobalSection(SolutionProperties) = preSolution
		HideSolutionNode = FALSE
	EndGlobalSection
	GlobalSection(ExtensibilityGlobals) = postSolution
		SolutionGuid = {B8C930F0-8F28-46D7-83A1-B259B85AFFC7}
	EndGlobalSection
EndGlobal
